Microsoft Visual Studio Solution File, Format Version 7.00
Project("{FAE04EC0-301F-11D3-BF4B-00C04F79EFBC}") = "app", "app.csproj", "{334C8F04-E034-4082-9380-43906DDE71AB}"
EndProject
Project("{8BC9CEB8-8B4A-11D0-8D11-00A0C91BC942}") = "lib", "lib\lib.vcproj", "{2E94A303-45A2-47AC-B87A-7C3519E9D6D8}"
EndProject
Global
	GlobalSection(SolutionConfiguration) = preSolution
		ConfigName.0 = Debug
		ConfigName.1 = Release
	EndGlobalSection
	GlobalSection(ProjectDependencies) = postSolution
		{334C8F04-E034-4082-9380-43906DDE71AB}.0 = {2E94A303-45A2-47AC-B87A-7C3519E9D6D8}
	EndGlobalSection
	GlobalSection(ProjectConfiguration) = postSolution
		{334C8F04-E034-4082-9380-43906DDE71AB}.Debug.ActiveCfg = Debug|.NET
		{334C8F04-E034-4082-9380-43906DDE71AB}.Debug.Build.0 = Debug|.NET
		{334C8F04-E034-4082-9380-43906DDE71AB}.Release.ActiveCfg = Release|.NET
		{334C8F04-E034-4082-9380-43906DDE71AB}.Release.Build.0 = Release|.NET
		{2E94A303-45A2-47AC-B87A-7C3519E9D6D8}.Debug.ActiveCfg = Debug|Win32
		{2E94A303-45A2-47AC-B87A-7C3519E9D6D8}.Debug.Build.0 = Debug|Win32
		{2E94A303-45A2-47AC-B87A-7C3519E9D6D8}.Release.ActiveCfg = Release|Win32
		{2E94A303-45A2-47AC-B87A-7C3519E9D6D8}.Release.Build.0 = Release|Win32
	EndGlobalSection
	GlobalSection(ExtensibilityGlobals) = postSolution
	EndGlobalSection
	GlobalSection(ExtensibilityAddIns) = postSolution
	EndGlobalSection
EndGlobal
